
Microsoft Visual Studio Solution File, Format Version 12.00
# Visual Studio Version 17
VisualStudioVersion = 17.7.34024.191
MinimumVisualStudioVersion = 10.0.40219.1
Project("{FAE04EC0-301F-11D3-BF4B-00C04F79EFBC}") = "csharp-gestore-eventi", "csharp-gestore-eventi\csharp-gestore-eventi.csproj", "{9CE41192-9F0F-47BB-B59E-CB0E16D11839}"
EndProject
Global
	GlobalSection(SolutionConfigurationPlatforms) = preSolution
		Debug|Any CPU = Debug|Any CPU
		Release|Any CPU = Release|Any CPU
	EndGlobalSection
	GlobalSection(ProjectConfigurationPlatforms) = postSolution
		{9CE41192-9F0F-47BB-B59E-CB0E16D11839}.Debug|Any CPU.ActiveCfg = Debug|Any CPU
		{9CE41192-9F0F-47BB-B59E-CB0E16D11839}.Debug|Any CPU.Build.0 = Debug|Any CPU
		{9CE41192-9F0F-47BB-B59E-CB0E16D11839}.Release|Any CPU.ActiveCfg = Release|Any CPU
		{9CE41192-9F0F-47BB-B59E-CB0E16D11839}.Release|Any CPU.Build.0 = Release|Any CPU
	EndGlobalSection
	GlobalSection(SolutionProperties) = preSolution
		HideSolutionNode = FALSE
	EndGlobalSection
	GlobalSection(ExtensibilityGlobals) = postSolution
		SolutionGuid = {F4A31E4E-956E-4134-B355-5B96304DAAD1}
	EndGlobalSection
EndGlobal
