
Microsoft Visual Studio Solution File, Format Version 12.00
# Visual Studio Version 17
VisualStudioVersion = 17.5.002.0
MinimumVisualStudioVersion = 10.0.40219.1
Project("{9A19103F-16F7-4668-BE54-9A1E7A4F7556}") = "csharp-gestore-eventi", "csharp-gestore-eventi.csproj", "{7298A297-2E4F-4593-981D-8D23D3B0171A}"
EndProject
Global
	GlobalSection(SolutionConfigurationPlatforms) = preSolution
		Debug|Any CPU = Debug|Any CPU
		Release|Any CPU = Release|Any CPU
	EndGlobalSection
	GlobalSection(ProjectConfigurationPlatforms) = postSolution
		{7298A297-2E4F-4593-981D-8D23D3B0171A}.Debug|Any CPU.ActiveCfg = Debug|Any CPU
		{7298A297-2E4F-4593-981D-8D23D3B0171A}.Debug|Any CPU.Build.0 = Debug|Any CPU
		{7298A297-2E4F-4593-981D-8D23D3B0171A}.Release|Any CPU.ActiveCfg = Release|Any CPU
		{7298A297-2E4F-4593-981D-8D23D3B0171A}.Release|Any CPU.Build.0 = Release|Any CPU
	EndGlobalSection
	GlobalSection(SolutionProperties) = preSolution
		HideSolutionNode = FALSE
	EndGlobalSection
	GlobalSection(ExtensibilityGlobals) = postSolution
		SolutionGuid = {12050487-A163-4448-8AAA-3689F33DCC50}
	EndGlobalSection
EndGlobal
